
Microsoft Visual Studio Solution File, Format Version 12.00
# Visual Studio 15
VisualStudioVersion = 15.0.27428.2002
MinimumVisualStudioVersion = 10.0.40219.1
Project("{FAE04EC0-301F-11D3-BF4B-00C04F79EFBC}") = "OOP-1.0", "OOP-1.0\OOP-1.0.csproj", "{C469FCE4-146E-49F2-BEBD-8293138AC42C}"
EndProject
Global
	GlobalSection(SolutionConfigurationPlatforms) = preSolution
		Debug|Any CPU = Debug|Any CPU
		Release|Any CPU = Release|Any CPU
	EndGlobalSection
	GlobalSection(ProjectConfigurationPlatforms) = postSolution
		{C469FCE4-146E-49F2-BEBD-8293138AC42C}.Debug|Any CPU.ActiveCfg = Debug|Any CPU
		{C469FCE4-146E-49F2-BEBD-8293138AC42C}.Debug|Any CPU.Build.0 = Debug|Any CPU
		{C469FCE4-146E-49F2-BEBD-8293138AC42C}.Release|Any CPU.ActiveCfg = Release|Any CPU
		{C469FCE4-146E-49F2-BEBD-8293138AC42C}.Release|Any CPU.Build.0 = Release|Any CPU
	EndGlobalSection
	GlobalSection(SolutionProperties) = preSolution
		HideSolutionNode = FALSE
	EndGlobalSection
	GlobalSection(ExtensibilityGlobals) = postSolution
		SolutionGuid = {A769F6AE-DD9A-4B85-B105-13521B52979F}
	EndGlobalSection
EndGlobal
